// !$*UTF8*$!
{
	archiveVersion = 1;
	classes = {
	};
	objectVersion = 46;
	objects = {

/* Begin PBXBuildFile section */
		D3146A891C59362D00EDADFB /* Main.storyboard in Resources */ = {isa = PBXBuildFile; fileRef = D3146A871C59362D00EDADFB /* Main.storyboard */; };
		D3168E321C5FFFAA00DB4D72 /* SudokuButtonCollectionViewCell.swift in Sources */ = {isa = PBXBuildFile; fileRef = D3168E311C5FFFAA00DB4D72 /* SudokuButtonCollectionViewCell.swift */; };
		D3299CEB1C64148400DD9DFB /* SudokuDB in Resources */ = {isa = PBXBuildFile; fileRef = D3299CEA1C64148400DD9DFB /* SudokuDB */; };
		D3299CED1C6414D300DD9DFB /* SolutionDB in Resources */ = {isa = PBXBuildFile; fileRef = D3299CEC1C6414D300DD9DFB /* SolutionDB */; };
		D3299CEF1C645C6600DD9DFB /* LevelCollectionViewCell.swift in Sources */ = {isa = PBXBuildFile; fileRef = D3299CEE1C645C6600DD9DFB /* LevelCollectionViewCell.swift */; };
		D3299CF11C645CDB00DD9DFB /* LevelViewController.swift in Sources */ = {isa = PBXBuildFile; fileRef = D3299CF01C645CDB00DD9DFB /* LevelViewController.swift */; };
		D32C228A1C66BC6400FB7E51 /* README.txt in Resources */ = {isa = PBXBuildFile; fileRef = D32C22891C66BC6400FB7E51 /* README.txt */; };
		D396E0BA1C4EBEE0005FFB2F /* SudokuCollectionViewCell.swift in Sources */ = {isa = PBXBuildFile; fileRef = D396E0B91C4EBEE0005FFB2F /* SudokuCollectionViewCell.swift */; };
		D3D682821C4821360069DE13 /* AppDelegate.swift in Sources */ = {isa = PBXBuildFile; fileRef = D3D682811C4821360069DE13 /* AppDelegate.swift */; };
		D3D682841C4821360069DE13 /* HomeViewController.swift in Sources */ = {isa = PBXBuildFile; fileRef = D3D682831C4821360069DE13 /* HomeViewController.swift */; };
		D3D6828A1C4821360069DE13 /* Sudoku.xcdatamodeld in Sources */ = {isa = PBXBuildFile; fileRef = D3D682881C4821360069DE13 /* Sudoku.xcdatamodeld */; };
		D3D6828C1C4821360069DE13 /* Assets.xcassets in Resources */ = {isa = PBXBuildFile; fileRef = D3D6828B1C4821360069DE13 /* Assets.xcassets */; };
		D3D6828F1C4821360069DE13 /* LaunchScreen.storyboard in Resources */ = {isa = PBXBuildFile; fileRef = D3D6828D1C4821360069DE13 /* LaunchScreen.storyboard */; };
		D3D6829A1C4821360069DE13 /* SudokuTests.swift in Sources */ = {isa = PBXBuildFile; fileRef = D3D682991C4821360069DE13 /* SudokuTests.swift */; };
		D3D682A51C4821360069DE13 /* SudokuUITests.swift in Sources */ = {isa = PBXBuildFile; fileRef = D3D682A41C4821360069DE13 /* SudokuUITests.swift */; };
		D3F5C28F1C580D5500315114 /* SudokuViewController.swift in Sources */ = {isa = PBXBuildFile; fileRef = D3F5C28E1C580D5500315114 /* SudokuViewController.swift */; };
		D3F82CA11C5079CF00E6FA46 /* SudokuManager.swift in Sources */ = {isa = PBXBuildFile; fileRef = D3F82CA01C5079CF00E6FA46 /* SudokuManager.swift */; };
		D3F82CA31C50847800E6FA46 /* Sudoku.swift in Sources */ = {isa = PBXBuildFile; fileRef = D3F82CA21C50847800E6FA46 /* Sudoku.swift */; };
		D3FFA3381C514097009B5692 /* SudokuFormat.swift in Sources */ = {isa = PBXBuildFile; fileRef = D3FFA3371C514097009B5692 /* SudokuFormat.swift */; };
/* End PBXBuildFile section */

/* Begin PBXContainerItemProxy section */
		D3D682961C4821360069DE13 /* PBXContainerItemProxy */ = {
			isa = PBXContainerItemProxy;
			containerPortal = D3D682761C4821360069DE13 /* Project object */;
			proxyType = 1;
			remoteGlobalIDString = D3D6827D1C4821360069DE13;
			remoteInfo = Sudoku;
		};
		D3D682A11C4821360069DE13 /* PBXContainerItemProxy */ = {
			isa = PBXContainerItemProxy;
			containerPortal = D3D682761C4821360069DE13 /* Project object */;
			proxyType = 1;
			remoteGlobalIDString = D3D6827D1C4821360069DE13;
			remoteInfo = Sudoku;
		};
/* End PBXContainerItemProxy section */

/* Begin PBXFileReference section */
		D3146A881C59362D00EDADFB /* Base */ = {isa = PBXFileReference; lastKnownFileType = file.storyboard; name = Base; path = Base.lproj/Main.storyboard; sourceTree = "<group>"; };
		D3168E311C5FFFAA00DB4D72 /* SudokuButtonCollectionViewCell.swift */ = {isa = PBXFileReference; fileEncoding = 4; lastKnownFileType = sourcecode.swift; path = SudokuButtonCollectionViewCell.swift; sourceTree = "<group>"; };
		D3299CEA1C64148400DD9DFB /* SudokuDB */ = {isa = PBXFileReference; fileEncoding = 4; lastKnownFileType = text; path = SudokuDB; sourceTree = "<group>"; };
		D3299CEC1C6414D300DD9DFB /* SolutionDB */ = {isa = PBXFileReference; fileEncoding = 4; lastKnownFileType = text; path = SolutionDB; sourceTree = "<group>"; };
		D3299CEE1C645C6600DD9DFB /* LevelCollectionViewCell.swift */ = {isa = PBXFileReference; fileEncoding = 4; lastKnownFileType = sourcecode.swift; path = LevelCollectionViewCell.swift; sourceTree = "<group>"; };
		D3299CF01C645CDB00DD9DFB /* LevelViewController.swift */ = {isa = PBXFileReference; fileEncoding = 4; lastKnownFileType = sourcecode.swift; path = LevelViewController.swift; sourceTree = "<group>"; };
		D32C22891C66BC6400FB7E51 /* README.txt */ = {isa = PBXFileReference; fileEncoding = 4; lastKnownFileType = text; path = README.txt; sourceTree = "<group>"; };
		D396E0B91C4EBEE0005FFB2F /* SudokuCollectionViewCell.swift */ = {isa = PBXFileReference; fileEncoding = 4; lastKnownFileType = sourcecode.swift; path = SudokuCollectionViewCell.swift; sourceTree = "<group>"; };
		D3D6827E1C4821360069DE13 /* Sudoku.app */ = {isa = PBXFileReference; explicitFileType = wrapper.application; includeInIndex = 0; path = Sudoku.app; sourceTree = BUILT_PRODUCTS_DIR; };
		D3D682811C4821360069DE13 /* AppDelegate.swift */ = {isa = PBXFileReference; lastKnownFileType = sourcecode.swift; path = AppDelegate.swift; sourceTree = "<group>"; };
		D3D682831C4821360069DE13 /* HomeViewController.swift */ = {isa = PBXFileReference; lastKnownFileType = sourcecode.swift; path = HomeViewController.swift; sourceTree = "<group>"; };
		D3D682891C4821360069DE13 /* Sudoku.xcdatamodel */ = {isa = PBXFileReference; lastKnownFileType = wrapper.xcdatamodel; path = Sudoku.xcdatamodel; sourceTree = "<group>"; };
		D3D6828B1C4821360069DE13 /* Assets.xcassets */ = {isa = PBXFileReference; lastKnownFileType = folder.assetcatalog; path = Assets.xcassets; sourceTree = "<group>"; };
		D3D6828E1C4821360069DE13 /* Base */ = {isa = PBXFileReference; lastKnownFileType = file.storyboard; name = Base; path = Base.lproj/LaunchScreen.storyboard; sourceTree = "<group>"; };
		D3D682901C4821360069DE13 /* Info.plist */ = {isa = PBXFileReference; lastKnownFileType = text.plist.xml; path = Info.plist; sourceTree = "<group>"; };
		D3D682951C4821360069DE13 /* SudokuTests.xctest */ = {isa = PBXFileReference; explicitFileType = wrapper.cfbundle; includeInIndex = 0; path = SudokuTests.xctest; sourceTree = BUILT_PRODUCTS_DIR; };
		D3D682991C4821360069DE13 /* SudokuTests.swift */ = {isa = PBXFileReference; lastKnownFileType = sourcecode.swift; path = SudokuTests.swift; sourceTree = "<group>"; };
		D3D6829B1C4821360069DE13 /* Info.plist */ = {isa = PBXFileReference; lastKnownFileType = text.plist.xml; path = Info.plist; sourceTree = "<group>"; };
		D3D682A01C4821360069DE13 /* SudokuUITests.xctest */ = {isa = PBXFileReference; explicitFileType = wrapper.cfbundle; includeInIndex = 0; path = SudokuUITests.xctest; sourceTree = BUILT_PRODUCTS_DIR; };
		D3D682A41C4821360069DE13 /* SudokuUITests.swift */ = {isa = PBXFileReference; lastKnownFileType = sourcecode.swift; path = SudokuUITests.swift; sourceTree = "<group>"; };
		D3D682A61C4821360069DE13 /* Info.plist */ = {isa = PBXFileReference; lastKnownFileType = text.plist.xml; path = Info.plist; sourceTree = "<group>"; };
		D3F5C28E1C580D5500315114 /* SudokuViewController.swift */ = {isa = PBXFileReference; fileEncoding = 4; lastKnownFileType = sourcecode.swift; path = SudokuViewController.swift; sourceTree = "<group>"; };
		D3F82CA01C5079CF00E6FA46 /* SudokuManager.swift */ = {isa = PBXFileReference; fileEncoding = 4; lastKnownFileType = sourcecode.swift; path = SudokuManager.swift; sourceTree = "<group>"; };
		D3F82CA21C50847800E6FA46 /* Sudoku.swift */ = {isa = PBXFileReference; fileEncoding = 4; lastKnownFileType = sourcecode.swift; path = Sudoku.swift; sourceTree = "<group>"; };
		D3FFA3371C514097009B5692 /* SudokuFormat.swift */ = {isa = PBXFileReference; fileEncoding = 4; lastKnownFileType = sourcecode.swift; path = SudokuFormat.swift; sourceTree = "<group>"; };
/* End PBXFileReference section */

/* Begin PBXFrameworksBuildPhase section */
		D3D6827B1C4821360069DE13 /* Frameworks */ = {
			isa = PBXFrameworksBuildPhase;
			buildActionMask = 2147483647;
			files = (
			);
			runOnlyForDeploymentPostprocessing = 0;
		};
		D3D682921C4821360069DE13 /* Frameworks */ = {
			isa = PBXFrameworksBuildPhase;
			buildActionMask = 2147483647;
			files = (
			);
			runOnlyForDeploymentPostprocessing = 0;
		};
		D3D6829D1C4821360069DE13 /* Frameworks */ = {
			isa = PBXFrameworksBuildPhase;
			buildActionMask = 2147483647;
			files = (
			);
			runOnlyForDeploymentPostprocessing = 0;
		};
/* End PBXFrameworksBuildPhase section */

/* Begin PBXGroup section */
		D3D682751C4821360069DE13 = {
			isa = PBXGroup;
			children = (
				D32C22891C66BC6400FB7E51 /* README.txt */,
				D3D682801C4821360069DE13 /* Sudoku */,
				D3D682981C4821360069DE13 /* SudokuTests */,
				D3D682A31C4821360069DE13 /* SudokuUITests */,
				D3D6827F1C4821360069DE13 /* Products */,
			);
			sourceTree = "<group>";
		};
		D3D6827F1C4821360069DE13 /* Products */ = {
			isa = PBXGroup;
			children = (
				D3D6827E1C4821360069DE13 /* Sudoku.app */,
				D3D682951C4821360069DE13 /* SudokuTests.xctest */,
				D3D682A01C4821360069DE13 /* SudokuUITests.xctest */,
			);
			name = Products;
			sourceTree = "<group>";
		};
		D3D682801C4821360069DE13 /* Sudoku */ = {
			isa = PBXGroup;
			children = (
				D3146A871C59362D00EDADFB /* Main.storyboard */,
				D3FFA3361C5132FB009B5692 /* Resources */,
				D3FFA3351C5132DB009B5692 /* Views */,
				D3FFA3341C5132B5009B5692 /* Controllers */,
				D3FFA3331C51327F009B5692 /* Models */,
				D3D6828B1C4821360069DE13 /* Assets.xcassets */,
				D3D6828D1C4821360069DE13 /* LaunchScreen.storyboard */,
				D3D682901C4821360069DE13 /* Info.plist */,
				D3D682881C4821360069DE13 /* Sudoku.xcdatamodeld */,
			);
			path = Sudoku;
			sourceTree = "<group>";
		};
		D3D682981C4821360069DE13 /* SudokuTests */ = {
			isa = PBXGroup;
			children = (
				D3D682991C4821360069DE13 /* SudokuTests.swift */,
				D3D6829B1C4821360069DE13 /* Info.plist */,
			);
			path = SudokuTests;
			sourceTree = "<group>";
		};
		D3D682A31C4821360069DE13 /* SudokuUITests */ = {
			isa = PBXGroup;
			children = (
				D3D682A41C4821360069DE13 /* SudokuUITests.swift */,
				D3D682A61C4821360069DE13 /* Info.plist */,
			);
			path = SudokuUITests;
			sourceTree = "<group>";
		};
		D3FFA3331C51327F009B5692 /* Models */ = {
			isa = PBXGroup;
			children = (
				D3F82CA21C50847800E6FA46 /* Sudoku.swift */,
				D3F82CA01C5079CF00E6FA46 /* SudokuManager.swift */,
				D3FFA3371C514097009B5692 /* SudokuFormat.swift */,
			);
			name = Models;
			sourceTree = "<group>";
		};
		D3FFA3341C5132B5009B5692 /* Controllers */ = {
			isa = PBXGroup;
			children = (
				D3D682831C4821360069DE13 /* HomeViewController.swift */,
				D3F5C28E1C580D5500315114 /* SudokuViewController.swift */,
				D3299CF01C645CDB00DD9DFB /* LevelViewController.swift */,
			);
			name = Controllers;
			sourceTree = "<group>";
		};
		D3FFA3351C5132DB009B5692 /* Views */ = {
			isa = PBXGroup;
			children = (
				D3D682811C4821360069DE13 /* AppDelegate.swift */,
				D396E0B91C4EBEE0005FFB2F /* SudokuCollectionViewCell.swift */,
				D3168E311C5FFFAA00DB4D72 /* SudokuButtonCollectionViewCell.swift */,
				D3299CEE1C645C6600DD9DFB /* LevelCollectionViewCell.swift */,
			);
			name = Views;
			sourceTree = "<group>";
		};
		D3FFA3361C5132FB009B5692 /* Resources */ = {
			isa = PBXGroup;
			children = (
				D3299CEC1C6414D300DD9DFB /* SolutionDB */,
				D3299CEA1C64148400DD9DFB /* SudokuDB */,
			);
			name = Resources;
			sourceTree = "<group>";
		};
/* End PBXGroup section */

/* Begin PBXNativeTarget section */
		D3D6827D1C4821360069DE13 /* Sudoku */ = {
			isa = PBXNativeTarget;
			buildConfigurationList = D3D682A91C4821360069DE13 /* Build configuration list for PBXNativeTarget "Sudoku" */;
			buildPhases = (
				D3D6827A1C4821360069DE13 /* Sources */,
				D3D6827B1C4821360069DE13 /* Frameworks */,
				D3D6827C1C4821360069DE13 /* Resources */,
			);
			buildRules = (
			);
			dependencies = (
			);
			name = Sudoku;
			productName = Sudoku;
			productReference = D3D6827E1C4821360069DE13 /* Sudoku.app */;
			productType = "com.apple.product-type.application";
		};
		D3D682941C4821360069DE13 /* SudokuTests */ = {
			isa = PBXNativeTarget;
			buildConfigurationList = D3D682AC1C4821360069DE13 /* Build configuration list for PBXNativeTarget "SudokuTests" */;
			buildPhases = (
				D3D682911C4821360069DE13 /* Sources */,
				D3D682921C4821360069DE13 /* Frameworks */,
				D3D682931C4821360069DE13 /* Resources */,
			);
			buildRules = (
			);
			dependencies = (
				D3D682971C4821360069DE13 /* PBXTargetDependency */,
			);
			name = SudokuTests;
			productName = SudokuTests;
			productReference = D3D682951C4821360069DE13 /* SudokuTests.xctest */;
			productType = "com.apple.product-type.bundle.unit-test";
		};
		D3D6829F1C4821360069DE13 /* SudokuUITests */ = {
			isa = PBXNativeTarget;
			buildConfigurationList = D3D682AF1C4821360069DE13 /* Build configuration list for PBXNativeTarget "SudokuUITests" */;
			buildPhases = (
				D3D6829C1C4821360069DE13 /* Sources */,
				D3D6829D1C4821360069DE13 /* Frameworks */,
				D3D6829E1C4821360069DE13 /* Resources */,
			);
			buildRules = (
			);
			dependencies = (
				D3D682A21C4821360069DE13 /* PBXTargetDependency */,
			);
			name = SudokuUITests;
			productName = SudokuUITests;
			productReference = D3D682A01C4821360069DE13 /* SudokuUITests.xctest */;
			productType = "com.apple.product-type.bundle.ui-testing";
		};
/* End PBXNativeTarget section */

/* Begin PBXProject section */
		D3D682761C4821360069DE13 /* Project object */ = {
			isa = PBXProject;
			attributes = {
				LastSwiftUpdateCheck = 0710;
				LastUpgradeCheck = 0710;
				ORGANIZATIONNAME = "Brian Yip";
				TargetAttributes = {
					D3D6827D1C4821360069DE13 = {
						CreatedOnToolsVersion = 7.1.1;
						DevelopmentTeam = G7WA36L2D9;
					};
					D3D682941C4821360069DE13 = {
						CreatedOnToolsVersion = 7.1.1;
						DevelopmentTeam = G7WA36L2D9;
						TestTargetID = D3D6827D1C4821360069DE13;
					};
					D3D6829F1C4821360069DE13 = {
						CreatedOnToolsVersion = 7.1.1;
						DevelopmentTeam = G7WA36L2D9;
						TestTargetID = D3D6827D1C4821360069DE13;
					};
				};
			};
			buildConfigurationList = D3D682791C4821360069DE13 /* Build configuration list for PBXProject "Sudoku" */;
			compatibilityVersion = "Xcode 3.2";
			developmentRegion = English;
			hasScannedForEncodings = 0;
			knownRegions = (
				en,
				Base,
			);
			mainGroup = D3D682751C4821360069DE13;
			productRefGroup = D3D6827F1C4821360069DE13 /* Products */;
			projectDirPath = "";
			projectRoot = "";
			targets = (
				D3D6827D1C4821360069DE13 /* Sudoku */,
				D3D682941C4821360069DE13 /* SudokuTests */,
				D3D6829F1C4821360069DE13 /* SudokuUITests */,
			);
		};
/* End PBXProject section */

/* Begin PBXResourcesBuildPhase section */
		D3D6827C1C4821360069DE13 /* Resources */ = {
			isa = PBXResourcesBuildPhase;
			buildActionMask = 2147483647;
			files = (
				D3D6828F1C4821360069DE13 /* LaunchScreen.storyboard in Resources */,
				D3299CEB1C64148400DD9DFB /* SudokuDB in Resources */,
				D3D6828C1C4821360069DE13 /* Assets.xcassets in Resources */,
				D3146A891C59362D00EDADFB /* Main.storyboard in Resources */,
				D32C228A1C66BC6400FB7E51 /* README.txt in Resources */,
				D3299CED1C6414D300DD9DFB /* SolutionDB in Resources */,
			);
			runOnlyForDeploymentPostprocessing = 0;
		};
		D3D682931C4821360069DE13 /* Resources */ = {
			isa = PBXResourcesBuildPhase;
			buildActionMask = 2147483647;
			files = (
			);
			runOnlyForDeploymentPostprocessing = 0;
		};
		D3D6829E1C4821360069DE13 /* Resources */ = {
			isa = PBXResourcesBuildPhase;
			buildActionMask = 2147483647;
			files = (
			);
			runOnlyForDeploymentPostprocessing = 0;
		};
/* End PBXResourcesBuildPhase section */

/* Begin PBXSourcesBuildPhase section */
		D3D6827A1C4821360069DE13 /* Sources */ = {
			isa = PBXSourcesBuildPhase;
			buildActionMask = 2147483647;
			files = (
				D3299CF11C645CDB00DD9DFB /* LevelViewController.swift in Sources */,
				D3FFA3381C514097009B5692 /* SudokuFormat.swift in Sources */,
				D3168E321C5FFFAA00DB4D72 /* SudokuButtonCollectionViewCell.swift in Sources */,
				D3D682841C4821360069DE13 /* HomeViewController.swift in Sources */,
				D396E0BA1C4EBEE0005FFB2F /* SudokuCollectionViewCell.swift in Sources */,
				D3F82CA31C50847800E6FA46 /* Sudoku.swift in Sources */,
				D3299CEF1C645C6600DD9DFB /* LevelCollectionViewCell.swift in Sources */,
				D3F5C28F1C580D5500315114 /* SudokuViewController.swift in Sources */,
				D3F82CA11C5079CF00E6FA46 /* SudokuManager.swift in Sources */,
				D3D6828A1C4821360069DE13 /* Sudoku.xcdatamodeld in Sources */,
				D3D682821C4821360069DE13 /* AppDelegate.swift in Sources */,
			);
			runOnlyForDeploymentPostprocessing = 0;
		};
		D3D682911C4821360069DE13 /* Sources */ = {
			isa = PBXSourcesBuildPhase;
			buildActionMask = 2147483647;
			files = (
				D3D6829A1C4821360069DE13 /* SudokuTests.swift in Sources */,
			);
			runOnlyForDeploymentPostprocessing = 0;
		};
		D3D6829C1C4821360069DE13 /* Sources */ = {
			isa = PBXSourcesBuildPhase;
			buildActionMask = 2147483647;
			files = (
				D3D682A51C4821360069DE13 /* SudokuUITests.swift in Sources */,
			);
			runOnlyForDeploymentPostprocessing = 0;
		};
/* End PBXSourcesBuildPhase section */

/* Begin PBXTargetDependency section */
		D3D682971C4821360069DE13 /* PBXTargetDependency */ = {
			isa = PBXTargetDependency;
			target = D3D6827D1C4821360069DE13 /* Sudoku */;
			targetProxy = D3D682961C4821360069DE13 /* PBXContainerItemProxy */;
		};
		D3D682A21C4821360069DE13 /* PBXTargetDependency */ = {
			isa = PBXTargetDependency;
			target = D3D6827D1C4821360069DE13 /* Sudoku */;
			targetProxy = D3D682A11C4821360069DE13 /* PBXContainerItemProxy */;
		};
/* End PBXTargetDependency section */

/* Begin PBXVariantGroup section */
		D3146A871C59362D00EDADFB /* Main.storyboard */ = {
			isa = PBXVariantGroup;
			children = (
				D3146A881C59362D00EDADFB /* Base */,
			);
			name = Main.storyboard;
			sourceTree = "<group>";
		};
		D3D6828D1C4821360069DE13 /* LaunchScreen.storyboard */ = {
			isa = PBXVariantGroup;
			children = (
				D3D6828E1C4821360069DE13 /* Base */,
			);
			name = LaunchScreen.storyboard;
			sourceTree = "<group>";
		};
/* End PBXVariantGroup section */

/* Begin XCBuildConfiguration section */
		D3D682A71C4821360069DE13 /* Debug */ = {
			isa = XCBuildConfiguration;
			buildSettings = {
				ALWAYS_SEARCH_USER_PATHS = NO;
				CLANG_CXX_LANGUAGE_STANDARD = "gnu++0x";
				CLANG_CXX_LIBRARY = "libc++";
				CLANG_ENABLE_MODULES = YES;
				CLANG_ENABLE_OBJC_ARC = YES;
				CLANG_WARN_BOOL_CONVERSION = YES;
				CLANG_WARN_CONSTANT_CONVERSION = YES;
				CLANG_WARN_DIRECT_OBJC_ISA_USAGE = YES_ERROR;
				CLANG_WARN_EMPTY_BODY = YES;
				CLANG_WARN_ENUM_CONVERSION = YES;
				CLANG_WARN_INT_CONVERSION = YES;
				CLANG_WARN_OBJC_ROOT_CLASS = YES_ERROR;
				CLANG_WARN_UNREACHABLE_CODE = YES;
				CLANG_WARN__DUPLICATE_METHOD_MATCH = YES;
				"CODE_SIGN_IDENTITY[sdk=iphoneos*]" = "iPhone Developer";
				COPY_PHASE_STRIP = NO;
				DEBUG_INFORMATION_FORMAT = dwarf;
				ENABLE_STRICT_OBJC_MSGSEND = YES;
				ENABLE_TESTABILITY = YES;
				GCC_C_LANGUAGE_STANDARD = gnu99;
				GCC_DYNAMIC_NO_PIC = NO;
				GCC_NO_COMMON_BLOCKS = YES;
				GCC_OPTIMIZATION_LEVEL = 0;
				GCC_PREPROCESSOR_DEFINITIONS = (
					"DEBUG=1",
					"$(inherited)",
				);
				GCC_WARN_64_TO_32_BIT_CONVERSION = YES;
				GCC_WARN_ABOUT_RETURN_TYPE = YES_ERROR;
				GCC_WARN_UNDECLARED_SELECTOR = YES;
				GCC_WARN_UNINITIALIZED_AUTOS = YES_AGGRESSIVE;
				GCC_WARN_UNUSED_FUNCTION = YES;
				GCC_WARN_UNUSED_VARIABLE = YES;
				IPHONEOS_DEPLOYMENT_TARGET = 9.1;
				MTL_ENABLE_DEBUG_INFO = YES;
				ONLY_ACTIVE_ARCH = YES;
				SDKROOT = iphoneos;
				SWIFT_OPTIMIZATION_LEVEL = "-Onone";
				TARGETED_DEVICE_FAMILY = "1,2";
			};
			name = Debug;
		};
		D3D682A81C4821360069DE13 /* Release */ = {
			isa = XCBuildConfiguration;
			buildSettings = {
				ALWAYS_SEARCH_USER_PATHS = NO;
				CLANG_CXX_LANGUAGE_STANDARD = "gnu++0x";
				CLANG_CXX_LIBRARY = "libc++";
				CLANG_ENABLE_MODULES = YES;
				CLANG_ENABLE_OBJC_ARC = YES;
				CLANG_WARN_BOOL_CONVERSION = YES;
				CLANG_WARN_CONSTANT_CONVERSION = YES;
				CLANG_WARN_DIRECT_OBJC_ISA_USAGE = YES_ERROR;
				CLANG_WARN_EMPTY_BODY = YES;
				CLANG_WARN_ENUM_CONVERSION = YES;
				CLANG_WARN_INT_CONVERSION = YES;
				CLANG_WARN_OBJC_ROOT_CLASS = YES_ERROR;
				CLANG_WARN_UNREACHABLE_CODE = YES;
				CLANG_WARN__DUPLICATE_METHOD_MATCH = YES;
				"CODE_SIGN_IDENTITY[sdk=iphoneos*]" = "iPhone Developer";
				COPY_PHASE_STRIP = NO;
				DEBUG_INFORMATION_FORMAT = "dwarf-with-dsym";
				ENABLE_NS_ASSERTIONS = NO;
				ENABLE_STRICT_OBJC_MSGSEND = YES;
				GCC_C_LANGUAGE_STANDARD = gnu99;
				GCC_NO_COMMON_BLOCKS = YES;
				GCC_WARN_64_TO_32_BIT_CONVERSION = YES;
				GCC_WARN_ABOUT_RETURN_TYPE = YES_ERROR;
				GCC_WARN_UNDECLARED_SELECTOR = YES;
				GCC_WARN_UNINITIALIZED_AUTOS = YES_AGGRESSIVE;
				GCC_WARN_UNUSED_FUNCTION = YES;
				GCC_WARN_UNUSED_VARIABLE = YES;
				IPHONEOS_DEPLOYMENT_TARGET = 9.1;
				MTL_ENABLE_DEBUG_INFO = NO;
				SDKROOT = iphoneos;
				TARGETED_DEVICE_FAMILY = "1,2";
				VALIDATE_PRODUCT = YES;
			};
			name = Release;
		};
		D3D682AA1C4821360069DE13 /* Debug */ = {
			isa = XCBuildConfiguration;
			buildSettings = {
				ASSETCATALOG_COMPILER_APPICON_NAME = AppIcon;
				INFOPLIST_FILE = Sudoku/Info.plist;
				LD_RUNPATH_SEARCH_PATHS = "$(inherited) @executable_path/Frameworks";
				PRODUCT_BUNDLE_IDENTIFIER = itsbriany.Sudoku;
				PRODUCT_NAME = "$(TARGET_NAME)";
			};
			name = Debug;
		};
		D3D682AB1C4821360069DE13 /* Release */ = {
			isa = XCBuildConfiguration;
			buildSettings = {
				ASSETCATALOG_COMPILER_APPICON_NAME = AppIcon;
				INFOPLIST_FILE = Sudoku/Info.plist;
				LD_RUNPATH_SEARCH_PATHS = "$(inherited) @executable_path/Frameworks";
				PRODUCT_BUNDLE_IDENTIFIER = itsbriany.Sudoku;
				PRODUCT_NAME = "$(TARGET_NAME)";
			};
			name = Release;
		};
		D3D682AD1C4821360069DE13 /* Debug */ = {
			isa = XCBuildConfiguration;
			buildSettings = {
				BUNDLE_LOADER = "$(TEST_HOST)";
				INFOPLIST_FILE = SudokuTests/Info.plist;
				LD_RUNPATH_SEARCH_PATHS = "$(inherited) @executable_path/Frameworks @loader_path/Frameworks";
				PRODUCT_BUNDLE_IDENTIFIER = itsbriany.SudokuTests;
				PRODUCT_NAME = "$(TARGET_NAME)";
				TEST_HOST = "$(BUILT_PRODUCTS_DIR)/Sudoku.app/Sudoku";
			};
			name = Debug;
		};
		D3D682AE1C4821360069DE13 /* Release */ = {
			isa = XCBuildConfiguration;
			buildSettings = {
				BUNDLE_LOADER = "$(TEST_HOST)";
				INFOPLIST_FILE = SudokuTests/Info.plist;
				LD_RUNPATH_SEARCH_PATHS = "$(inherited) @executable_path/Frameworks @loader_path/Frameworks";
				PRODUCT_BUNDLE_IDENTIFIER = itsbriany.SudokuTests;
				PRODUCT_NAME = "$(TARGET_NAME)";
				TEST_HOST = "$(BUILT_PRODUCTS_DIR)/Sudoku.app/Sudoku";
			};
			name = Release;
		};
		D3D682B01C4821360069DE13 /* Debug */ = {
			isa = XCBuildConfiguration;
			buildSettings = {
				INFOPLIST_FILE = SudokuUITests/Info.plist;
				LD_RUNPATH_SEARCH_PATHS = "$(inherited) @executable_path/Frameworks @loader_path/Frameworks";
				PRODUCT_BUNDLE_IDENTIFIER = itsbriany.SudokuUITests;
				PRODUCT_NAME = "$(TARGET_NAME)";
				TEST_TARGET_NAME = Sudoku;
				USES_XCTRUNNER = YES;
			};
			name = Debug;
		};
		D3D682B11C4821360069DE13 /* Release */ = {
			isa = XCBuildConfiguration;
			buildSettings = {
				INFOPLIST_FILE = SudokuUITests/Info.plist;
				LD_RUNPATH_SEARCH_PATHS = "$(inherited) @executable_path/Frameworks @loader_path/Frameworks";
				PRODUCT_BUNDLE_IDENTIFIER = itsbriany.SudokuUITests;
				PRODUCT_NAME = "$(TARGET_NAME)";
				TEST_TARGET_NAME = Sudoku;
				USES_XCTRUNNER = YES;
			};
			name = Release;
		};
/* End XCBuildConfiguration section */

/* Begin XCConfigurationList section */
		D3D682791C4821360069DE13 /* Build configuration list for PBXProject "Sudoku" */ = {
			isa = XCConfigurationList;
			buildConfigurations = (
				D3D682A71C4821360069DE13 /* Debug */,
				D3D682A81C4821360069DE13 /* Release */,
			);
			defaultConfigurationIsVisible = 0;
			defaultConfigurationName = Release;
		};
		D3D682A91C4821360069DE13 /* Build configuration list for PBXNativeTarget "Sudoku" */ = {
			isa = XCConfigurationList;
			buildConfigurations = (
				D3D682AA1C4821360069DE13 /* Debug */,
				D3D682AB1C4821360069DE13 /* Release */,
			);
			defaultConfigurationIsVisible = 0;
			defaultConfigurationName = Release;
		};
		D3D682AC1C4821360069DE13 /* Build configuration list for PBXNativeTarget "SudokuTests" */ = {
			isa = XCConfigurationList;
			buildConfigurations = (
				D3D682AD1C4821360069DE13 /* Debug */,
				D3D682AE1C4821360069DE13 /* Release */,
			);
			defaultConfigurationIsVisible = 0;
			defaultConfigurationName = Release;
		};
		D3D682AF1C4821360069DE13 /* Build configuration list for PBXNativeTarget "SudokuUITests" */ = {
			isa = XCConfigurationList;
			buildConfigurations = (
				D3D682B01C4821360069DE13 /* Debug */,
				D3D682B11C4821360069DE13 /* Release */,
			);
			defaultConfigurationIsVisible = 0;
			defaultConfigurationName = Release;
		};
/* End XCConfigurationList section */

/* Begin XCVersionGroup section */
		D3D682881C4821360069DE13 /* Sudoku.xcdatamodeld */ = {
			isa = XCVersionGroup;
			children = (
				D3D682891C4821360069DE13 /* Sudoku.xcdatamodel */,
			);
			currentVersion = D3D682891C4821360069DE13 /* Sudoku.xcdatamodel */;
			path = Sudoku.xcdatamodeld;
			sourceTree = "<group>";
			versionGroupType = wrapper.xcdatamodel;
		};
/* End XCVersionGroup section */
	};
	rootObject = D3D682761C4821360069DE13 /* Project object */;
}
